{
  "name": "TypeScript-Maps",
  "version": "1.0.0",
  "lockfileVersion": 2,
  "requires": true,
  "packages": {
    "": {
      "version": "1.0.0",
      "license": "ISC",
      "dependencies": {
        "@types/faker": "^5.1.5"
      }
    },
    "node_modules/@types/faker": {
      "version": "5.1.5",
      "resolved": "https://registry.npmjs.org/@types/faker/-/faker-5.1.5.tgz",
      "integrity": "sha512-2uEQFb7bsx68rqD4F8q95wZq6LTLOyexjv6BnvJogCO4jStkyc6IDEkODPQcWfovI6g6M3uPQ2/uD/oedJKkNw=="
    }
  },
  "dependencies": {
    "@types/faker": {
      "version": "5.1.5",
      "resolved": "https://registry.npmjs.org/@types/faker/-/faker-5.1.5.tgz",
      "integrity": "sha512-2uEQFb7bsx68rqD4F8q95wZq6LTLOyexjv6BnvJogCO4jStkyc6IDEkODPQcWfovI6g6M3uPQ2/uD/oedJKkNw=="
    }
  }
}
