{
  "name": "TypeScript-Maps",
  "version": "1.0.0",
  "lockfileVersion": 2,
  "requires": true,
  "packages": {
    "": {
      "version": "1.0.0",
      "license": "ISC",
      "dependencies": {
        "@types/faker": "^5.1.5",
        "@types/googlemaps": "^3.43.2"
      }
    },
    "node_modules/@types/faker": {
      "version": "5.1.5",
      "resolved": "https://registry.npmjs.org/@types/faker/-/faker-5.1.5.tgz",
      "integrity": "sha512-2uEQFb7bsx68rqD4F8q95wZq6LTLOyexjv6BnvJogCO4jStkyc6IDEkODPQcWfovI6g6M3uPQ2/uD/oedJKkNw=="
    },
    "node_modules/@types/googlemaps": {
      "version": "3.43.2",
      "resolved": "https://registry.npmjs.org/@types/googlemaps/-/googlemaps-3.43.2.tgz",
      "integrity": "sha512-qiu5rms7+bgLciKAXpRsxVB1P+Z6gbSxuO8tZfdyQV2k5e5L/7GjUI6Z69rMR+7YFmqU9vwOUglLQ6NJyP/K8g=="
    }
  },
  "dependencies": {
    "@types/faker": {
      "version": "5.1.5",
      "resolved": "https://registry.npmjs.org/@types/faker/-/faker-5.1.5.tgz",
      "integrity": "sha512-2uEQFb7bsx68rqD4F8q95wZq6LTLOyexjv6BnvJogCO4jStkyc6IDEkODPQcWfovI6g6M3uPQ2/uD/oedJKkNw=="
    },
    "@types/googlemaps": {
      "version": "3.43.2",
      "resolved": "https://registry.npmjs.org/@types/googlemaps/-/googlemaps-3.43.2.tgz",
      "integrity": "sha512-qiu5rms7+bgLciKAXpRsxVB1P+Z6gbSxuO8tZfdyQV2k5e5L/7GjUI6Z69rMR+7YFmqU9vwOUglLQ6NJyP/K8g=="
    }
  }
}
